
Microsoft Visual Studio Solution File, Format Version 12.00
# Visual Studio Version 16
VisualStudioVersion = 16.0.31402.337
MinimumVisualStudioVersion = 10.0.40219.1
Project("{FAE04EC0-301F-11D3-BF4B-00C04F79EFBC}") = "Week4.Palindrom", "Week4.Palindrom\Week4.Palindrom.csproj", "{F6BC7414-71F2-4776-8813-1C86A44FC2C2}"
EndProject
Project("{FAE04EC0-301F-11D3-BF4B-00C04F79EFBC}") = "Week4.Factorial", "Week4.Factorial\Week4.Factorial.csproj", "{88ACE2B6-A349-483F-86FE-D255639C807A}"
EndProject
Project("{FAE04EC0-301F-11D3-BF4B-00C04F79EFBC}") = "Week4.Staircase", "Week4.Staircase\Week4.Staircase.csproj", "{1E2DA807-489F-4C96-B89B-B8A40D0909A3}"
EndProject
Project("{FAE04EC0-301F-11D3-BF4B-00C04F79EFBC}") = "Week4.Birthdate", "Week4.Birthdate\Week4.Birthdate.csproj", "{C12E82F8-1553-40E7-B00C-D8389AB4B298}"
EndProject
Project("{FAE04EC0-301F-11D3-BF4B-00C04F79EFBC}") = "Week4.Algorithm", "Week4.Algorithm\Week4.Algorithm.csproj", "{C8561717-DE22-4BEB-99CB-47D6C1B6696C}"
EndProject
Project("{FAE04EC0-301F-11D3-BF4B-00C04F79EFBC}") = "Week4.FindingName", "Week4.FindingName\Week4.FindingName.csproj", "{C59033DC-2571-46B5-88B9-303AB826F70D}"
EndProject
Project("{FAE04EC0-301F-11D3-BF4B-00C04F79EFBC}") = "Week5.CarDemo", "Week5.CarDemo\Week5.CarDemo.csproj", "{EDC57B36-3DC6-4980-8E33-96AFC5CD63E6}"
EndProject
Project("{FAE04EC0-301F-11D3-BF4B-00C04F79EFBC}") = "Week6.GeometricCalculatorDemo", "Week6.GeometricCalculatorDemo\Week6.GeometricCalculatorDemo.csproj", "{60514AB9-AA9A-495E-B772-2DF48B0EE4CD}"
EndProject
Global
	GlobalSection(SolutionConfigurationPlatforms) = preSolution
		Debug|Any CPU = Debug|Any CPU
		Release|Any CPU = Release|Any CPU
	EndGlobalSection
	GlobalSection(ProjectConfigurationPlatforms) = postSolution
		{F6BC7414-71F2-4776-8813-1C86A44FC2C2}.Debug|Any CPU.ActiveCfg = Debug|Any CPU
		{F6BC7414-71F2-4776-8813-1C86A44FC2C2}.Debug|Any CPU.Build.0 = Debug|Any CPU
		{F6BC7414-71F2-4776-8813-1C86A44FC2C2}.Release|Any CPU.ActiveCfg = Release|Any CPU
		{F6BC7414-71F2-4776-8813-1C86A44FC2C2}.Release|Any CPU.Build.0 = Release|Any CPU
		{88ACE2B6-A349-483F-86FE-D255639C807A}.Debug|Any CPU.ActiveCfg = Debug|Any CPU
		{88ACE2B6-A349-483F-86FE-D255639C807A}.Debug|Any CPU.Build.0 = Debug|Any CPU
		{88ACE2B6-A349-483F-86FE-D255639C807A}.Release|Any CPU.ActiveCfg = Release|Any CPU
		{88ACE2B6-A349-483F-86FE-D255639C807A}.Release|Any CPU.Build.0 = Release|Any CPU
		{1E2DA807-489F-4C96-B89B-B8A40D0909A3}.Debug|Any CPU.ActiveCfg = Debug|Any CPU
		{1E2DA807-489F-4C96-B89B-B8A40D0909A3}.Debug|Any CPU.Build.0 = Debug|Any CPU
		{1E2DA807-489F-4C96-B89B-B8A40D0909A3}.Release|Any CPU.ActiveCfg = Release|Any CPU
		{1E2DA807-489F-4C96-B89B-B8A40D0909A3}.Release|Any CPU.Build.0 = Release|Any CPU
		{C12E82F8-1553-40E7-B00C-D8389AB4B298}.Debug|Any CPU.ActiveCfg = Debug|Any CPU
		{C12E82F8-1553-40E7-B00C-D8389AB4B298}.Debug|Any CPU.Build.0 = Debug|Any CPU
		{C12E82F8-1553-40E7-B00C-D8389AB4B298}.Release|Any CPU.ActiveCfg = Release|Any CPU
		{C12E82F8-1553-40E7-B00C-D8389AB4B298}.Release|Any CPU.Build.0 = Release|Any CPU
		{C8561717-DE22-4BEB-99CB-47D6C1B6696C}.Debug|Any CPU.ActiveCfg = Debug|Any CPU
		{C8561717-DE22-4BEB-99CB-47D6C1B6696C}.Debug|Any CPU.Build.0 = Debug|Any CPU
		{C8561717-DE22-4BEB-99CB-47D6C1B6696C}.Release|Any CPU.ActiveCfg = Release|Any CPU
		{C8561717-DE22-4BEB-99CB-47D6C1B6696C}.Release|Any CPU.Build.0 = Release|Any CPU
		{C59033DC-2571-46B5-88B9-303AB826F70D}.Debug|Any CPU.ActiveCfg = Debug|Any CPU
		{C59033DC-2571-46B5-88B9-303AB826F70D}.Debug|Any CPU.Build.0 = Debug|Any CPU
		{C59033DC-2571-46B5-88B9-303AB826F70D}.Release|Any CPU.ActiveCfg = Release|Any CPU
		{C59033DC-2571-46B5-88B9-303AB826F70D}.Release|Any CPU.Build.0 = Release|Any CPU
		{EDC57B36-3DC6-4980-8E33-96AFC5CD63E6}.Debug|Any CPU.ActiveCfg = Debug|Any CPU
		{EDC57B36-3DC6-4980-8E33-96AFC5CD63E6}.Debug|Any CPU.Build.0 = Debug|Any CPU
		{EDC57B36-3DC6-4980-8E33-96AFC5CD63E6}.Release|Any CPU.ActiveCfg = Release|Any CPU
		{EDC57B36-3DC6-4980-8E33-96AFC5CD63E6}.Release|Any CPU.Build.0 = Release|Any CPU
		{60514AB9-AA9A-495E-B772-2DF48B0EE4CD}.Debug|Any CPU.ActiveCfg = Debug|Any CPU
		{60514AB9-AA9A-495E-B772-2DF48B0EE4CD}.Debug|Any CPU.Build.0 = Debug|Any CPU
		{60514AB9-AA9A-495E-B772-2DF48B0EE4CD}.Release|Any CPU.ActiveCfg = Release|Any CPU
		{60514AB9-AA9A-495E-B772-2DF48B0EE4CD}.Release|Any CPU.Build.0 = Release|Any CPU
	EndGlobalSection
	GlobalSection(SolutionProperties) = preSolution
		HideSolutionNode = FALSE
	EndGlobalSection
	GlobalSection(ExtensibilityGlobals) = postSolution
		SolutionGuid = {51557DF0-0DC8-48CC-BFC5-44BA20D1C247}
	EndGlobalSection
EndGlobal
